// !$*UTF8*$!
{
	archiveVersion = 1;
	classes = {
	};
	objectVersion = 46;
	objects = {

/* Begin PBXBuildFile section */
		400603131AEC98CE00A11957 /* RecipeCell.swift in Sources */ = {isa = PBXBuildFile; fileRef = 400603111AEC98CE00A11957 /* RecipeCell.swift */; };
		400603141AEC98CE00A11957 /* RecipeCell.xib in Resources */ = {isa = PBXBuildFile; fileRef = 400603121AEC98CE00A11957 /* RecipeCell.xib */; };
		400603161AECA1A600A11957 /* RatingView.xib in Resources */ = {isa = PBXBuildFile; fileRef = 400603151AECA1A600A11957 /* RatingView.xib */; };
		400603181AECA1BC00A11957 /* RatingView.swift in Sources */ = {isa = PBXBuildFile; fileRef = 400603171AECA1BC00A11957 /* RatingView.swift */; };
		400832AE1AE9F53100112198 /* UserSettings.swift in Sources */ = {isa = PBXBuildFile; fileRef = 400832AD1AE9F53100112198 /* UserSettings.swift */; };
		400832B21AEA098800112198 /* AddIngredientToComponentViewController.swift in Sources */ = {isa = PBXBuildFile; fileRef = 400832B11AEA098800112198 /* AddIngredientToComponentViewController.swift */; };
		400BF0D71AEB4AC100D74AB7 /* AddQuantityToComponentViewController.swift in Sources */ = {isa = PBXBuildFile; fileRef = 400BF0D61AEB4AC100D74AB7 /* AddQuantityToComponentViewController.swift */; };
		4029C9071AED341300D5F0C9 /* DataViewController.swift in Sources */ = {isa = PBXBuildFile; fileRef = 4029C9061AED341300D5F0C9 /* DataViewController.swift */; };
		4029C9091AED3AB300D5F0C9 /* RecipeSource.swift in Sources */ = {isa = PBXBuildFile; fileRef = 4029C9081AED3AB300D5F0C9 /* RecipeSource.swift */; };
		408BD5B71B0B9C1C00721CE5 /* UnitSource.swift in Sources */ = {isa = PBXBuildFile; fileRef = 408BD5B61B0B9C1C00721CE5 /* UnitSource.swift */; };
		408E28261B1970C60048FBB1 /* UnitTableViewController.swift in Sources */ = {isa = PBXBuildFile; fileRef = 408E28251B1970C60048FBB1 /* UnitTableViewController.swift */; };
		409480AA1AF838A100543FFB /* EditRecipeNavViewController.swift in Sources */ = {isa = PBXBuildFile; fileRef = 409480A91AF838A100543FFB /* EditRecipeNavViewController.swift */; };
		40B643EF1AE8C17300EEBBCA /* RecipeTableViewController.swift in Sources */ = {isa = PBXBuildFile; fileRef = 40B643EE1AE8C17300EEBBCA /* RecipeTableViewController.swift */; };
		40B643F41AE8C35400EEBBCA /* Ingredient.swift in Sources */ = {isa = PBXBuildFile; fileRef = 40B643F01AE8C35300EEBBCA /* Ingredient.swift */; };
		40B643F51AE8C35400EEBBCA /* Unit.swift in Sources */ = {isa = PBXBuildFile; fileRef = 40B643F11AE8C35300EEBBCA /* Unit.swift */; };
		40B643F61AE8C35400EEBBCA /* Recipe.swift in Sources */ = {isa = PBXBuildFile; fileRef = 40B643F21AE8C35300EEBBCA /* Recipe.swift */; };
		40B643F71AE8C35400EEBBCA /* Component.swift in Sources */ = {isa = PBXBuildFile; fileRef = 40B643F31AE8C35300EEBBCA /* Component.swift */; };
		40B643F91AE8C48200EEBBCA /* CoreDataHelper.swift in Sources */ = {isa = PBXBuildFile; fileRef = 40B643F81AE8C48200EEBBCA /* CoreDataHelper.swift */; };
		40C99BE81AE92C6500F197C9 /* RecipeViewController.swift in Sources */ = {isa = PBXBuildFile; fileRef = 40C99BE71AE92C6500F197C9 /* RecipeViewController.swift */; };
		40C99BEA1AE9455C00F197C9 /* AddRecipeViewController.swift in Sources */ = {isa = PBXBuildFile; fileRef = 40C99BE91AE9455C00F197C9 /* AddRecipeViewController.swift */; };
		40DC56681AEC669500449B8A /* IngredientTableViewController.swift in Sources */ = {isa = PBXBuildFile; fileRef = 40DC56671AEC669500449B8A /* IngredientTableViewController.swift */; };
		40DC566A1AEC730E00449B8A /* RecipeTableNavViewController.swift in Sources */ = {isa = PBXBuildFile; fileRef = 40DC56691AEC730E00449B8A /* RecipeTableNavViewController.swift */; };
		40F136E71B04547F00C51EAA /* recipes.json in Resources */ = {isa = PBXBuildFile; fileRef = 40F136E61B04547F00C51EAA /* recipes.json */; };
		40F65BAE1AE8BAE000D15898 /* AppDelegate.swift in Sources */ = {isa = PBXBuildFile; fileRef = 40F65BAD1AE8BAE000D15898 /* AppDelegate.swift */; };
		40F65BB11AE8BAE000D15898 /* Sozzler.xcdatamodeld in Sources */ = {isa = PBXBuildFile; fileRef = 40F65BAF1AE8BAE000D15898 /* Sozzler.xcdatamodeld */; };
		40F65BB61AE8BAE000D15898 /* Main.storyboard in Resources */ = {isa = PBXBuildFile; fileRef = 40F65BB41AE8BAE000D15898 /* Main.storyboard */; };
		40F65BB81AE8BAE000D15898 /* Images.xcassets in Resources */ = {isa = PBXBuildFile; fileRef = 40F65BB71AE8BAE000D15898 /* Images.xcassets */; };
		40F65BBB1AE8BAE000D15898 /* LaunchScreen.xib in Resources */ = {isa = PBXBuildFile; fileRef = 40F65BB91AE8BAE000D15898 /* LaunchScreen.xib */; };
		40F65BC71AE8BAE100D15898 /* SozzlerTests.swift in Sources */ = {isa = PBXBuildFile; fileRef = 40F65BC61AE8BAE100D15898 /* SozzlerTests.swift */; };
/* End PBXBuildFile section */

/* Begin PBXContainerItemProxy section */
		40F65BC11AE8BAE100D15898 /* PBXContainerItemProxy */ = {
			isa = PBXContainerItemProxy;
			containerPortal = 40F65BA01AE8BAE000D15898 /* Project object */;
			proxyType = 1;
			remoteGlobalIDString = 40F65BA71AE8BAE000D15898;
			remoteInfo = Sozzler;
		};
/* End PBXContainerItemProxy section */

/* Begin PBXFileReference section */
		400603111AEC98CE00A11957 /* RecipeCell.swift */ = {isa = PBXFileReference; fileEncoding = 4; lastKnownFileType = sourcecode.swift; path = RecipeCell.swift; sourceTree = "<group>"; };
		400603121AEC98CE00A11957 /* RecipeCell.xib */ = {isa = PBXFileReference; fileEncoding = 4; lastKnownFileType = file.xib; path = RecipeCell.xib; sourceTree = "<group>"; };
		400603151AECA1A600A11957 /* RatingView.xib */ = {isa = PBXFileReference; fileEncoding = 4; lastKnownFileType = file.xib; name = RatingView.xib; path = ../RatingView.xib; sourceTree = "<group>"; };
		400603171AECA1BC00A11957 /* RatingView.swift */ = {isa = PBXFileReference; fileEncoding = 4; lastKnownFileType = sourcecode.swift; path = RatingView.swift; sourceTree = "<group>"; };
		400832AD1AE9F53100112198 /* UserSettings.swift */ = {isa = PBXFileReference; fileEncoding = 4; lastKnownFileType = sourcecode.swift; name = UserSettings.swift; path = ../UserSettings.swift; sourceTree = "<group>"; };
		400832B11AEA098800112198 /* AddIngredientToComponentViewController.swift */ = {isa = PBXFileReference; fileEncoding = 4; lastKnownFileType = sourcecode.swift; name = AddIngredientToComponentViewController.swift; path = ../AddIngredientToComponentViewController.swift; sourceTree = "<group>"; };
		400BF0D61AEB4AC100D74AB7 /* AddQuantityToComponentViewController.swift */ = {isa = PBXFileReference; fileEncoding = 4; lastKnownFileType = sourcecode.swift; path = AddQuantityToComponentViewController.swift; sourceTree = "<group>"; };
		4029C9061AED341300D5F0C9 /* DataViewController.swift */ = {isa = PBXFileReference; fileEncoding = 4; lastKnownFileType = sourcecode.swift; path = DataViewController.swift; sourceTree = "<group>"; };
		4029C9081AED3AB300D5F0C9 /* RecipeSource.swift */ = {isa = PBXFileReference; fileEncoding = 4; lastKnownFileType = sourcecode.swift; path = RecipeSource.swift; sourceTree = "<group>"; };
		408BD5B61B0B9C1C00721CE5 /* UnitSource.swift */ = {isa = PBXFileReference; fileEncoding = 4; lastKnownFileType = sourcecode.swift; path = UnitSource.swift; sourceTree = "<group>"; };
		408E28251B1970C60048FBB1 /* UnitTableViewController.swift */ = {isa = PBXFileReference; fileEncoding = 4; lastKnownFileType = sourcecode.swift; path = UnitTableViewController.swift; sourceTree = "<group>"; };
		409480A91AF838A100543FFB /* EditRecipeNavViewController.swift */ = {isa = PBXFileReference; fileEncoding = 4; lastKnownFileType = sourcecode.swift; path = EditRecipeNavViewController.swift; sourceTree = "<group>"; };
		40B643EE1AE8C17300EEBBCA /* RecipeTableViewController.swift */ = {isa = PBXFileReference; fileEncoding = 4; lastKnownFileType = sourcecode.swift; path = RecipeTableViewController.swift; sourceTree = "<group>"; };
		40B643F01AE8C35300EEBBCA /* Ingredient.swift */ = {isa = PBXFileReference; fileEncoding = 4; lastKnownFileType = sourcecode.swift; path = Ingredient.swift; sourceTree = "<group>"; };
		40B643F11AE8C35300EEBBCA /* Unit.swift */ = {isa = PBXFileReference; fileEncoding = 4; lastKnownFileType = sourcecode.swift; path = Unit.swift; sourceTree = "<group>"; };
		40B643F21AE8C35300EEBBCA /* Recipe.swift */ = {isa = PBXFileReference; fileEncoding = 4; lastKnownFileType = sourcecode.swift; path = Recipe.swift; sourceTree = "<group>"; };
		40B643F31AE8C35300EEBBCA /* Component.swift */ = {isa = PBXFileReference; fileEncoding = 4; lastKnownFileType = sourcecode.swift; path = Component.swift; sourceTree = "<group>"; };
		40B643F81AE8C48200EEBBCA /* CoreDataHelper.swift */ = {isa = PBXFileReference; fileEncoding = 4; lastKnownFileType = sourcecode.swift; path = CoreDataHelper.swift; sourceTree = "<group>"; };
		40C99BE71AE92C6500F197C9 /* RecipeViewController.swift */ = {isa = PBXFileReference; fileEncoding = 4; lastKnownFileType = sourcecode.swift; path = RecipeViewController.swift; sourceTree = "<group>"; };
		40C99BE91AE9455C00F197C9 /* AddRecipeViewController.swift */ = {isa = PBXFileReference; fileEncoding = 4; lastKnownFileType = sourcecode.swift; path = AddRecipeViewController.swift; sourceTree = "<group>"; };
		40DC56671AEC669500449B8A /* IngredientTableViewController.swift */ = {isa = PBXFileReference; fileEncoding = 4; lastKnownFileType = sourcecode.swift; path = IngredientTableViewController.swift; sourceTree = "<group>"; };
		40DC56691AEC730E00449B8A /* RecipeTableNavViewController.swift */ = {isa = PBXFileReference; fileEncoding = 4; lastKnownFileType = sourcecode.swift; path = RecipeTableNavViewController.swift; sourceTree = "<group>"; };
		40F136E61B04547F00C51EAA /* recipes.json */ = {isa = PBXFileReference; fileEncoding = 4; lastKnownFileType = text.json; path = recipes.json; sourceTree = "<group>"; };
		40F65BA81AE8BAE000D15898 /* Sozzler.app */ = {isa = PBXFileReference; explicitFileType = wrapper.application; includeInIndex = 0; path = Sozzler.app; sourceTree = BUILT_PRODUCTS_DIR; };
		40F65BAC1AE8BAE000D15898 /* Info.plist */ = {isa = PBXFileReference; lastKnownFileType = text.plist.xml; path = Info.plist; sourceTree = "<group>"; };
		40F65BAD1AE8BAE000D15898 /* AppDelegate.swift */ = {isa = PBXFileReference; lastKnownFileType = sourcecode.swift; path = AppDelegate.swift; sourceTree = "<group>"; };
		40F65BB01AE8BAE000D15898 /* Sozzler.xcdatamodel */ = {isa = PBXFileReference; lastKnownFileType = wrapper.xcdatamodel; path = Sozzler.xcdatamodel; sourceTree = "<group>"; };
		40F65BB51AE8BAE000D15898 /* Base */ = {isa = PBXFileReference; lastKnownFileType = file.storyboard; name = Base; path = Base.lproj/Main.storyboard; sourceTree = "<group>"; };
		40F65BB71AE8BAE000D15898 /* Images.xcassets */ = {isa = PBXFileReference; lastKnownFileType = folder.assetcatalog; path = Images.xcassets; sourceTree = "<group>"; };
		40F65BBA1AE8BAE000D15898 /* Base */ = {isa = PBXFileReference; lastKnownFileType = file.xib; name = Base; path = Base.lproj/LaunchScreen.xib; sourceTree = "<group>"; };
		40F65BC01AE8BAE100D15898 /* SozzlerTests.xctest */ = {isa = PBXFileReference; explicitFileType = wrapper.cfbundle; includeInIndex = 0; path = SozzlerTests.xctest; sourceTree = BUILT_PRODUCTS_DIR; };
		40F65BC51AE8BAE100D15898 /* Info.plist */ = {isa = PBXFileReference; lastKnownFileType = text.plist.xml; path = Info.plist; sourceTree = "<group>"; };
		40F65BC61AE8BAE100D15898 /* SozzlerTests.swift */ = {isa = PBXFileReference; lastKnownFileType = sourcecode.swift; path = SozzlerTests.swift; sourceTree = "<group>"; };
/* End PBXFileReference section */

/* Begin PBXFrameworksBuildPhase section */
		40F65BA51AE8BAE000D15898 /* Frameworks */ = {
			isa = PBXFrameworksBuildPhase;
			buildActionMask = 2147483647;
			files = (
			);
			runOnlyForDeploymentPostprocessing = 0;
		};
		40F65BBD1AE8BAE100D15898 /* Frameworks */ = {
			isa = PBXFrameworksBuildPhase;
			buildActionMask = 2147483647;
			files = (
			);
			runOnlyForDeploymentPostprocessing = 0;
		};
/* End PBXFrameworksBuildPhase section */

/* Begin PBXGroup section */
		40F65B9F1AE8BAE000D15898 = {
			isa = PBXGroup;
			children = (
				40F65BAA1AE8BAE000D15898 /* Sozzler */,
				40F65BC31AE8BAE100D15898 /* SozzlerTests */,
				40F65BA91AE8BAE000D15898 /* Products */,
			);
			sourceTree = "<group>";
		};
		40F65BA91AE8BAE000D15898 /* Products */ = {
			isa = PBXGroup;
			children = (
				40F65BA81AE8BAE000D15898 /* Sozzler.app */,
				40F65BC01AE8BAE100D15898 /* SozzlerTests.xctest */,
			);
			name = Products;
			sourceTree = "<group>";
		};
		40F65BAA1AE8BAE000D15898 /* Sozzler */ = {
			isa = PBXGroup;
			children = (
				400832B11AEA098800112198 /* AddIngredientToComponentViewController.swift */,
				400BF0D61AEB4AC100D74AB7 /* AddQuantityToComponentViewController.swift */,
				40C99BE91AE9455C00F197C9 /* AddRecipeViewController.swift */,
				40F65BAD1AE8BAE000D15898 /* AppDelegate.swift */,
				40B643F31AE8C35300EEBBCA /* Component.swift */,
				40B643F81AE8C48200EEBBCA /* CoreDataHelper.swift */,
				4029C9061AED341300D5F0C9 /* DataViewController.swift */,
				40F65BB71AE8BAE000D15898 /* Images.xcassets */,
				40B643F01AE8C35300EEBBCA /* Ingredient.swift */,
				40DC56671AEC669500449B8A /* IngredientTableViewController.swift */,
				40F65BB91AE8BAE000D15898 /* LaunchScreen.xib */,
				40F65BB41AE8BAE000D15898 /* Main.storyboard */,
				400603171AECA1BC00A11957 /* RatingView.swift */,
				400603151AECA1A600A11957 /* RatingView.xib */,
				40B643F21AE8C35300EEBBCA /* Recipe.swift */,
				400603111AEC98CE00A11957 /* RecipeCell.swift */,
				400603121AEC98CE00A11957 /* RecipeCell.xib */,
				4029C9081AED3AB300D5F0C9 /* RecipeSource.swift */,
				40DC56691AEC730E00449B8A /* RecipeTableNavViewController.swift */,
				40B643EE1AE8C17300EEBBCA /* RecipeTableViewController.swift */,
				40C99BE71AE92C6500F197C9 /* RecipeViewController.swift */,
				40F65BAF1AE8BAE000D15898 /* Sozzler.xcdatamodeld */,
				40F65BAB1AE8BAE000D15898 /* Supporting Files */,
				40B643F11AE8C35300EEBBCA /* Unit.swift */,
				400832AD1AE9F53100112198 /* UserSettings.swift */,
				409480A91AF838A100543FFB /* EditRecipeNavViewController.swift */,
				408BD5B61B0B9C1C00721CE5 /* UnitSource.swift */,
				408E28251B1970C60048FBB1 /* UnitTableViewController.swift */,
			);
			path = Sozzler;
			sourceTree = "<group>";
		};
		40F65BAB1AE8BAE000D15898 /* Supporting Files */ = {
			isa = PBXGroup;
			children = (
				40F65BAC1AE8BAE000D15898 /* Info.plist */,
				40F136E61B04547F00C51EAA /* recipes.json */,
			);
			name = "Supporting Files";
			sourceTree = "<group>";
		};
		40F65BC31AE8BAE100D15898 /* SozzlerTests */ = {
			isa = PBXGroup;
			children = (
				40F65BC61AE8BAE100D15898 /* SozzlerTests.swift */,
				40F65BC41AE8BAE100D15898 /* Supporting Files */,
			);
			path = SozzlerTests;
			sourceTree = "<group>";
		};
		40F65BC41AE8BAE100D15898 /* Supporting Files */ = {
			isa = PBXGroup;
			children = (
				40F65BC51AE8BAE100D15898 /* Info.plist */,
			);
			name = "Supporting Files";
			sourceTree = "<group>";
		};
/* End PBXGroup section */

/* Begin PBXNativeTarget section */
		40F65BA71AE8BAE000D15898 /* Sozzler */ = {
			isa = PBXNativeTarget;
			buildConfigurationList = 40F65BCA1AE8BAE100D15898 /* Build configuration list for PBXNativeTarget "Sozzler" */;
			buildPhases = (
				40F65BA41AE8BAE000D15898 /* Sources */,
				40F65BA51AE8BAE000D15898 /* Frameworks */,
				40F65BA61AE8BAE000D15898 /* Resources */,
			);
			buildRules = (
			);
			dependencies = (
			);
			name = Sozzler;
			productName = Sozzler;
			productReference = 40F65BA81AE8BAE000D15898 /* Sozzler.app */;
			productType = "com.apple.product-type.application";
		};
		40F65BBF1AE8BAE100D15898 /* SozzlerTests */ = {
			isa = PBXNativeTarget;
			buildConfigurationList = 40F65BCD1AE8BAE100D15898 /* Build configuration list for PBXNativeTarget "SozzlerTests" */;
			buildPhases = (
				40F65BBC1AE8BAE100D15898 /* Sources */,
				40F65BBD1AE8BAE100D15898 /* Frameworks */,
				40F65BBE1AE8BAE100D15898 /* Resources */,
			);
			buildRules = (
			);
			dependencies = (
				40F65BC21AE8BAE100D15898 /* PBXTargetDependency */,
			);
			name = SozzlerTests;
			productName = SozzlerTests;
			productReference = 40F65BC01AE8BAE100D15898 /* SozzlerTests.xctest */;
			productType = "com.apple.product-type.bundle.unit-test";
		};
/* End PBXNativeTarget section */

/* Begin PBXProject section */
		40F65BA01AE8BAE000D15898 /* Project object */ = {
			isa = PBXProject;
			attributes = {
				LastUpgradeCheck = 0630;
				ORGANIZATIONNAME = mikepartelow.com;
				TargetAttributes = {
					40F65BA71AE8BAE000D15898 = {
						CreatedOnToolsVersion = 6.3;
						DevelopmentTeam = ZY6MQPKQ94;
					};
					40F65BBF1AE8BAE100D15898 = {
						CreatedOnToolsVersion = 6.3;
						TestTargetID = 40F65BA71AE8BAE000D15898;
					};
				};
			};
			buildConfigurationList = 40F65BA31AE8BAE000D15898 /* Build configuration list for PBXProject "Sozzler" */;
			compatibilityVersion = "Xcode 3.2";
			developmentRegion = English;
			hasScannedForEncodings = 0;
			knownRegions = (
				en,
				Base,
			);
			mainGroup = 40F65B9F1AE8BAE000D15898;
			productRefGroup = 40F65BA91AE8BAE000D15898 /* Products */;
			projectDirPath = "";
			projectRoot = "";
			targets = (
				40F65BA71AE8BAE000D15898 /* Sozzler */,
				40F65BBF1AE8BAE100D15898 /* SozzlerTests */,
			);
		};
/* End PBXProject section */

/* Begin PBXResourcesBuildPhase section */
		40F65BA61AE8BAE000D15898 /* Resources */ = {
			isa = PBXResourcesBuildPhase;
			buildActionMask = 2147483647;
			files = (
				40F65BB61AE8BAE000D15898 /* Main.storyboard in Resources */,
				400603141AEC98CE00A11957 /* RecipeCell.xib in Resources */,
				40F65BBB1AE8BAE000D15898 /* LaunchScreen.xib in Resources */,
				400603161AECA1A600A11957 /* RatingView.xib in Resources */,
				40F65BB81AE8BAE000D15898 /* Images.xcassets in Resources */,
				40F136E71B04547F00C51EAA /* recipes.json in Resources */,
			);
			runOnlyForDeploymentPostprocessing = 0;
		};
		40F65BBE1AE8BAE100D15898 /* Resources */ = {
			isa = PBXResourcesBuildPhase;
			buildActionMask = 2147483647;
			files = (
			);
			runOnlyForDeploymentPostprocessing = 0;
		};
/* End PBXResourcesBuildPhase section */

/* Begin PBXSourcesBuildPhase section */
		40F65BA41AE8BAE000D15898 /* Sources */ = {
			isa = PBXSourcesBuildPhase;
			buildActionMask = 2147483647;
			files = (
				4029C9071AED341300D5F0C9 /* DataViewController.swift in Sources */,
				400832B21AEA098800112198 /* AddIngredientToComponentViewController.swift in Sources */,
				40DC56681AEC669500449B8A /* IngredientTableViewController.swift in Sources */,
				408E28261B1970C60048FBB1 /* UnitTableViewController.swift in Sources */,
				408BD5B71B0B9C1C00721CE5 /* UnitSource.swift in Sources */,
				400603181AECA1BC00A11957 /* RatingView.swift in Sources */,
				400832AE1AE9F53100112198 /* UserSettings.swift in Sources */,
				400603131AEC98CE00A11957 /* RecipeCell.swift in Sources */,
				40B643EF1AE8C17300EEBBCA /* RecipeTableViewController.swift in Sources */,
				40DC566A1AEC730E00449B8A /* RecipeTableNavViewController.swift in Sources */,
				40B643F61AE8C35400EEBBCA /* Recipe.swift in Sources */,
				40B643F41AE8C35400EEBBCA /* Ingredient.swift in Sources */,
				40C99BE81AE92C6500F197C9 /* RecipeViewController.swift in Sources */,
				40B643F51AE8C35400EEBBCA /* Unit.swift in Sources */,
				40B643F71AE8C35400EEBBCA /* Component.swift in Sources */,
				4029C9091AED3AB300D5F0C9 /* RecipeSource.swift in Sources */,
				40B643F91AE8C48200EEBBCA /* CoreDataHelper.swift in Sources */,
				40F65BAE1AE8BAE000D15898 /* AppDelegate.swift in Sources */,
				40C99BEA1AE9455C00F197C9 /* AddRecipeViewController.swift in Sources */,
				400BF0D71AEB4AC100D74AB7 /* AddQuantityToComponentViewController.swift in Sources */,
				409480AA1AF838A100543FFB /* EditRecipeNavViewController.swift in Sources */,
				40F65BB11AE8BAE000D15898 /* Sozzler.xcdatamodeld in Sources */,
			);
			runOnlyForDeploymentPostprocessing = 0;
		};
		40F65BBC1AE8BAE100D15898 /* Sources */ = {
			isa = PBXSourcesBuildPhase;
			buildActionMask = 2147483647;
			files = (
				40F65BC71AE8BAE100D15898 /* SozzlerTests.swift in Sources */,
			);
			runOnlyForDeploymentPostprocessing = 0;
		};
/* End PBXSourcesBuildPhase section */

/* Begin PBXTargetDependency section */
		40F65BC21AE8BAE100D15898 /* PBXTargetDependency */ = {
			isa = PBXTargetDependency;
			target = 40F65BA71AE8BAE000D15898 /* Sozzler */;
			targetProxy = 40F65BC11AE8BAE100D15898 /* PBXContainerItemProxy */;
		};
/* End PBXTargetDependency section */

/* Begin PBXVariantGroup section */
		40F65BB41AE8BAE000D15898 /* Main.storyboard */ = {
			isa = PBXVariantGroup;
			children = (
				40F65BB51AE8BAE000D15898 /* Base */,
			);
			name = Main.storyboard;
			sourceTree = "<group>";
		};
		40F65BB91AE8BAE000D15898 /* LaunchScreen.xib */ = {
			isa = PBXVariantGroup;
			children = (
				40F65BBA1AE8BAE000D15898 /* Base */,
			);
			name = LaunchScreen.xib;
			sourceTree = "<group>";
		};
/* End PBXVariantGroup section */

/* Begin XCBuildConfiguration section */
		40F65BC81AE8BAE100D15898 /* Debug */ = {
			isa = XCBuildConfiguration;
			buildSettings = {
				ALWAYS_SEARCH_USER_PATHS = NO;
				CLANG_CXX_LANGUAGE_STANDARD = "gnu++0x";
				CLANG_CXX_LIBRARY = "libc++";
				CLANG_ENABLE_MODULES = YES;
				CLANG_ENABLE_OBJC_ARC = YES;
				CLANG_WARN_BOOL_CONVERSION = YES;
				CLANG_WARN_CONSTANT_CONVERSION = YES;
				CLANG_WARN_DIRECT_OBJC_ISA_USAGE = YES_ERROR;
				CLANG_WARN_EMPTY_BODY = YES;
				CLANG_WARN_ENUM_CONVERSION = YES;
				CLANG_WARN_INT_CONVERSION = YES;
				CLANG_WARN_OBJC_ROOT_CLASS = YES_ERROR;
				CLANG_WARN_UNREACHABLE_CODE = YES;
				CLANG_WARN__DUPLICATE_METHOD_MATCH = YES;
				"CODE_SIGN_IDENTITY[sdk=iphoneos*]" = "iPhone Developer";
				COPY_PHASE_STRIP = NO;
				DEBUG_INFORMATION_FORMAT = "dwarf-with-dsym";
				ENABLE_STRICT_OBJC_MSGSEND = YES;
				GCC_C_LANGUAGE_STANDARD = gnu99;
				GCC_DYNAMIC_NO_PIC = NO;
				GCC_NO_COMMON_BLOCKS = YES;
				GCC_OPTIMIZATION_LEVEL = 0;
				GCC_PREPROCESSOR_DEFINITIONS = (
					"DEBUG=1",
					"$(inherited)",
				);
				GCC_SYMBOLS_PRIVATE_EXTERN = NO;
				GCC_WARN_64_TO_32_BIT_CONVERSION = YES;
				GCC_WARN_ABOUT_RETURN_TYPE = YES_ERROR;
				GCC_WARN_UNDECLARED_SELECTOR = YES;
				GCC_WARN_UNINITIALIZED_AUTOS = YES_AGGRESSIVE;
				GCC_WARN_UNUSED_FUNCTION = YES;
				GCC_WARN_UNUSED_VARIABLE = YES;
				IPHONEOS_DEPLOYMENT_TARGET = 8.3;
				MTL_ENABLE_DEBUG_INFO = YES;
				ONLY_ACTIVE_ARCH = YES;
				SDKROOT = iphoneos;
				SWIFT_OPTIMIZATION_LEVEL = "-Onone";
			};
			name = Debug;
		};
		40F65BC91AE8BAE100D15898 /* Release */ = {
			isa = XCBuildConfiguration;
			buildSettings = {
				ALWAYS_SEARCH_USER_PATHS = NO;
				CLANG_CXX_LANGUAGE_STANDARD = "gnu++0x";
				CLANG_CXX_LIBRARY = "libc++";
				CLANG_ENABLE_MODULES = YES;
				CLANG_ENABLE_OBJC_ARC = YES;
				CLANG_WARN_BOOL_CONVERSION = YES;
				CLANG_WARN_CONSTANT_CONVERSION = YES;
				CLANG_WARN_DIRECT_OBJC_ISA_USAGE = YES_ERROR;
				CLANG_WARN_EMPTY_BODY = YES;
				CLANG_WARN_ENUM_CONVERSION = YES;
				CLANG_WARN_INT_CONVERSION = YES;
				CLANG_WARN_OBJC_ROOT_CLASS = YES_ERROR;
				CLANG_WARN_UNREACHABLE_CODE = YES;
				CLANG_WARN__DUPLICATE_METHOD_MATCH = YES;
				"CODE_SIGN_IDENTITY[sdk=iphoneos*]" = "iPhone Developer";
				COPY_PHASE_STRIP = NO;
				DEBUG_INFORMATION_FORMAT = "dwarf-with-dsym";
				ENABLE_NS_ASSERTIONS = NO;
				ENABLE_STRICT_OBJC_MSGSEND = YES;
				GCC_C_LANGUAGE_STANDARD = gnu99;
				GCC_NO_COMMON_BLOCKS = YES;
				GCC_WARN_64_TO_32_BIT_CONVERSION = YES;
				GCC_WARN_ABOUT_RETURN_TYPE = YES_ERROR;
				GCC_WARN_UNDECLARED_SELECTOR = YES;
				GCC_WARN_UNINITIALIZED_AUTOS = YES_AGGRESSIVE;
				GCC_WARN_UNUSED_FUNCTION = YES;
				GCC_WARN_UNUSED_VARIABLE = YES;
				IPHONEOS_DEPLOYMENT_TARGET = 8.3;
				MTL_ENABLE_DEBUG_INFO = NO;
				SDKROOT = iphoneos;
				VALIDATE_PRODUCT = YES;
			};
			name = Release;
		};
		40F65BCB1AE8BAE100D15898 /* Debug */ = {
			isa = XCBuildConfiguration;
			buildSettings = {
				ASSETCATALOG_COMPILER_APPICON_NAME = AppIcon;
				CODE_SIGN_IDENTITY = "iPhone Developer";
				"CODE_SIGN_IDENTITY[sdk=iphoneos*]" = "iPhone Developer";
				INFOPLIST_FILE = Sozzler/Info.plist;
				LD_RUNPATH_SEARCH_PATHS = "$(inherited) @executable_path/Frameworks";
				PRODUCT_NAME = "$(TARGET_NAME)";
				PROVISIONING_PROFILE = "";
			};
			name = Debug;
		};
		40F65BCC1AE8BAE100D15898 /* Release */ = {
			isa = XCBuildConfiguration;
			buildSettings = {
				ASSETCATALOG_COMPILER_APPICON_NAME = AppIcon;
				CODE_SIGN_IDENTITY = "iPhone Developer";
				"CODE_SIGN_IDENTITY[sdk=iphoneos*]" = "iPhone Developer";
				INFOPLIST_FILE = Sozzler/Info.plist;
				LD_RUNPATH_SEARCH_PATHS = "$(inherited) @executable_path/Frameworks";
				PRODUCT_NAME = "$(TARGET_NAME)";
				PROVISIONING_PROFILE = "";
			};
			name = Release;
		};
		40F65BCE1AE8BAE100D15898 /* Debug */ = {
			isa = XCBuildConfiguration;
			buildSettings = {
				BUNDLE_LOADER = "$(TEST_HOST)";
				FRAMEWORK_SEARCH_PATHS = (
					"$(SDKROOT)/Developer/Library/Frameworks",
					"$(inherited)",
				);
				GCC_PREPROCESSOR_DEFINITIONS = (
					"DEBUG=1",
					"$(inherited)",
				);
				INFOPLIST_FILE = SozzlerTests/Info.plist;
				LD_RUNPATH_SEARCH_PATHS = "$(inherited) @executable_path/Frameworks @loader_path/Frameworks";
				PRODUCT_NAME = "$(TARGET_NAME)";
				TEST_HOST = "$(BUILT_PRODUCTS_DIR)/Sozzler.app/Sozzler";
			};
			name = Debug;
		};
		40F65BCF1AE8BAE100D15898 /* Release */ = {
			isa = XCBuildConfiguration;
			buildSettings = {
				BUNDLE_LOADER = "$(TEST_HOST)";
				FRAMEWORK_SEARCH_PATHS = (
					"$(SDKROOT)/Developer/Library/Frameworks",
					"$(inherited)",
				);
				INFOPLIST_FILE = SozzlerTests/Info.plist;
				LD_RUNPATH_SEARCH_PATHS = "$(inherited) @executable_path/Frameworks @loader_path/Frameworks";
				PRODUCT_NAME = "$(TARGET_NAME)";
				TEST_HOST = "$(BUILT_PRODUCTS_DIR)/Sozzler.app/Sozzler";
			};
			name = Release;
		};
/* End XCBuildConfiguration section */

/* Begin XCConfigurationList section */
		40F65BA31AE8BAE000D15898 /* Build configuration list for PBXProject "Sozzler" */ = {
			isa = XCConfigurationList;
			buildConfigurations = (
				40F65BC81AE8BAE100D15898 /* Debug */,
				40F65BC91AE8BAE100D15898 /* Release */,
			);
			defaultConfigurationIsVisible = 0;
			defaultConfigurationName = Release;
		};
		40F65BCA1AE8BAE100D15898 /* Build configuration list for PBXNativeTarget "Sozzler" */ = {
			isa = XCConfigurationList;
			buildConfigurations = (
				40F65BCB1AE8BAE100D15898 /* Debug */,
				40F65BCC1AE8BAE100D15898 /* Release */,
			);
			defaultConfigurationIsVisible = 0;
			defaultConfigurationName = Release;
		};
		40F65BCD1AE8BAE100D15898 /* Build configuration list for PBXNativeTarget "SozzlerTests" */ = {
			isa = XCConfigurationList;
			buildConfigurations = (
				40F65BCE1AE8BAE100D15898 /* Debug */,
				40F65BCF1AE8BAE100D15898 /* Release */,
			);
			defaultConfigurationIsVisible = 0;
			defaultConfigurationName = Release;
		};
/* End XCConfigurationList section */

/* Begin XCVersionGroup section */
		40F65BAF1AE8BAE000D15898 /* Sozzler.xcdatamodeld */ = {
			isa = XCVersionGroup;
			children = (
				40F65BB01AE8BAE000D15898 /* Sozzler.xcdatamodel */,
			);
			currentVersion = 40F65BB01AE8BAE000D15898 /* Sozzler.xcdatamodel */;
			path = Sozzler.xcdatamodeld;
			sourceTree = "<group>";
			versionGroupType = wrapper.xcdatamodel;
		};
/* End XCVersionGroup section */
	};
	rootObject = 40F65BA01AE8BAE000D15898 /* Project object */;
}
